
Microsoft Visual Studio Solution File, Format Version 11.00
# Visual Studio 2010
Project("{8BC9CEB8-8B4A-11D0-8D11-00A0C91BC942}") = "echoserver", "echoserver\echoserver.vcxproj", "{B7042977-4D82-4A26-8115-0E6E0DEDDDBE}"
EndProject
Global
	GlobalSection(SolutionConfigurationPlatforms) = preSolution
		Debug|Win32 = Debug|Win32
		Release|Win32 = Release|Win32
	EndGlobalSection
	GlobalSection(ProjectConfigurationPlatforms) = postSolution
		{B7042977-4D82-4A26-8115-0E6E0DEDDDBE}.Debug|Win32.ActiveCfg = Debug|Win32
		{B7042977-4D82-4A26-8115-0E6E0DEDDDBE}.Debug|Win32.Build.0 = Debug|Win32
		{B7042977-4D82-4A26-8115-0E6E0DEDDDBE}.Release|Win32.ActiveCfg = Release|Win32
		{B7042977-4D82-4A26-8115-0E6E0DEDDDBE}.Release|Win32.Build.0 = Release|Win32
	EndGlobalSection
	GlobalSection(SolutionProperties) = preSolution
		HideSolutionNode = FALSE
	EndGlobalSection
EndGlobal
